
Microsoft Visual Studio Solution File, Format Version 12.00
# Visual Studio Version 17
VisualStudioVersion = 17.5.2.0
MinimumVisualStudioVersion = 10.0.40219.1
Project("{2150E333-8FDC-42A3-9474-1A3956D46DE8}") = "week02", "week02", "{131C5CCE-C85E-81CF-EB9F-372398CDB723}"
EndProject
Project("{FAE04EC0-301F-11D3-BF4B-00C04F79EFBC}") = "Resumes", "week02\Resumes\Resumes.csproj", "{FA3161BE-3ED7-682F-9E74-099B9D661EA9}"
EndProject
Project("{FAE04EC0-301F-11D3-BF4B-00C04F79EFBC}") = "Journal", "week02\Journal\Journal.csproj", "{39828661-7507-4463-816B-93A7664F1CC9}"
EndProject
Global
	GlobalSection(SolutionConfigurationPlatforms) = preSolution
		Debug|Any CPU = Debug|Any CPU
		Debug|x64 = Debug|x64
		Debug|x86 = Debug|x86
		Release|Any CPU = Release|Any CPU
		Release|x64 = Release|x64
		Release|x86 = Release|x86
	EndGlobalSection
	GlobalSection(ProjectConfigurationPlatforms) = postSolution
		{FA3161BE-3ED7-682F-9E74-099B9D661EA9}.Debug|Any CPU.ActiveCfg = Debug|Any CPU
		{FA3161BE-3ED7-682F-9E74-099B9D661EA9}.Debug|Any CPU.Build.0 = Debug|Any CPU
		{FA3161BE-3ED7-682F-9E74-099B9D661EA9}.Debug|x64.ActiveCfg = Debug|Any CPU
		{FA3161BE-3ED7-682F-9E74-099B9D661EA9}.Debug|x64.Build.0 = Debug|Any CPU
		{FA3161BE-3ED7-682F-9E74-099B9D661EA9}.Debug|x86.ActiveCfg = Debug|Any CPU
		{FA3161BE-3ED7-682F-9E74-099B9D661EA9}.Debug|x86.Build.0 = Debug|Any CPU
		{FA3161BE-3ED7-682F-9E74-099B9D661EA9}.Release|Any CPU.ActiveCfg = Release|Any CPU
		{FA3161BE-3ED7-682F-9E74-099B9D661EA9}.Release|Any CPU.Build.0 = Release|Any CPU
		{FA3161BE-3ED7-682F-9E74-099B9D661EA9}.Release|x64.ActiveCfg = Release|Any CPU
		{FA3161BE-3ED7-682F-9E74-099B9D661EA9}.Release|x64.Build.0 = Release|Any CPU
		{FA3161BE-3ED7-682F-9E74-099B9D661EA9}.Release|x86.ActiveCfg = Release|Any CPU
		{FA3161BE-3ED7-682F-9E74-099B9D661EA9}.Release|x86.Build.0 = Release|Any CPU
		{39828661-7507-4463-816B-93A7664F1CC9}.Debug|Any CPU.ActiveCfg = Debug|Any CPU
		{39828661-7507-4463-816B-93A7664F1CC9}.Debug|Any CPU.Build.0 = Debug|Any CPU
		{39828661-7507-4463-816B-93A7664F1CC9}.Debug|x64.ActiveCfg = Debug|Any CPU
		{39828661-7507-4463-816B-93A7664F1CC9}.Debug|x64.Build.0 = Debug|Any CPU
		{39828661-7507-4463-816B-93A7664F1CC9}.Debug|x86.ActiveCfg = Debug|Any CPU
		{39828661-7507-4463-816B-93A7664F1CC9}.Debug|x86.Build.0 = Debug|Any CPU
		{39828661-7507-4463-816B-93A7664F1CC9}.Release|Any CPU.ActiveCfg = Release|Any CPU
		{39828661-7507-4463-816B-93A7664F1CC9}.Release|Any CPU.Build.0 = Release|Any CPU
		{39828661-7507-4463-816B-93A7664F1CC9}.Release|x64.ActiveCfg = Release|Any CPU
		{39828661-7507-4463-816B-93A7664F1CC9}.Release|x64.Build.0 = Release|Any CPU
		{39828661-7507-4463-816B-93A7664F1CC9}.Release|x86.ActiveCfg = Release|Any CPU
		{39828661-7507-4463-816B-93A7664F1CC9}.Release|x86.Build.0 = Release|Any CPU
	EndGlobalSection
	GlobalSection(SolutionProperties) = preSolution
		HideSolutionNode = FALSE
	EndGlobalSection
	GlobalSection(NestedProjects) = preSolution
		{FA3161BE-3ED7-682F-9E74-099B9D661EA9} = {131C5CCE-C85E-81CF-EB9F-372398CDB723}
		{39828661-7507-4463-816B-93A7664F1CC9} = {131C5CCE-C85E-81CF-EB9F-372398CDB723}
	EndGlobalSection
	GlobalSection(ExtensibilityGlobals) = postSolution
		SolutionGuid = {8D054E0D-312F-40B8-B388-7866CBAB7689}
	EndGlobalSection
EndGlobal
